<?xml version="1.0" encoding="utf-8"?>
<Project ToolsVersion="4.0" xmlns="http://schemas.microsoft.com/developer/msbuild/2003">
  <ItemGroup>
    <Filter Include="Source Files">
      <UniqueIdentifier>{048beeaa-8904-4f2a-bc9b-48676cfccc66}</UniqueIdentifier>
      <Extensions>cpp;c;cxx;rc;def;r;odl;idl;hpj;bat</Extensions>
    </Filter>
    <Filter Include="Header Files">
      <UniqueIdentifier>{9f4f8c5d-ab1e-4f23-bbc1-8d3329a24fc5}</UniqueIdentifier>
      <Extensions>h;hpp;hxx;hm;inl</Extensions>
    </Filter>
    <Filter Include="Resource Files">
      <UniqueIdentifier>{ed78818d-cb82-4503-bd6f-8abe37f07355}</UniqueIdentifier>
      <Extensions>ico;cur;bmp;dlg;rc2;rct;bin;rgs;gif;jpg;jpeg;jpe</Extensions>
    </Filter>
  </ItemGroup>
  <ItemGroup>
    <ClCompile Include="About.cpp">
      <Filter>Source Files</Filter>
    </ClCompile>
    <ClCompile Include="EditorDlg.cpp">
      <Filter>Source Files</Filter>
    </ClCompile>
    <ClCompile Include="MathEdit.cpp">
      <Filter>Source Files</Filter>
    </ClCompile>
    <ClCompile Include="StdAfx.cpp">
      <Filter>Source Files</Filter>
    </ClCompile>
    <ClCompile Include="ToolBarBtn.cpp">
      <Filter>Source Files</Filter>
    </ClCompile>
    <ClCompile Include="ToolBarBtnCtrl.cpp">
      <Filter>Source Files</Filter>
    </ClCompile>
    <ClCompile Include="ToolBarDlg.cpp">
      <Filter>Source Files</Filter>
    </ClCompile>
  </ItemGroup>
  <ItemGroup>
    <ResourceCompile Include="MathEdit.rc">
      <Filter>Source Files</Filter>
    </ResourceCompile>
  </ItemGroup>
  <ItemGroup>
    <ClInclude Include="About.h">
      <Filter>Header Files</Filter>
    </ClInclude>
    <ClInclude Include="EditorDlg.h">
      <Filter>Header Files</Filter>
    </ClInclude>
    <ClInclude Include="MathEdit.h">
      <Filter>Header Files</Filter>
    </ClInclude>
    <ClInclude Include="Resource.h">
      <Filter>Header Files</Filter>
    </ClInclude>
    <ClInclude Include="StdAfx.h">
      <Filter>Header Files</Filter>
    </ClInclude>
    <ClInclude Include="ToolBarBtn.h">
      <Filter>Header Files</Filter>
    </ClInclude>
    <ClInclude Include="ToolBarBtnCtrl.h">
      <Filter>Header Files</Filter>
    </ClInclude>
    <ClInclude Include="ToolBarDlg.h">
      <Filter>Header Files</Filter>
    </ClInclude>
  </ItemGroup>
  <ItemGroup>
    <CustomBuild Include="mathsym\arrows.bmp">
      <Filter>Resource Files</Filter>
    </CustomBuild>
    <CustomBuild Include="res\arrows.bmp">
      <Filter>Resource Files</Filter>
    </CustomBuild>
    <CustomBuild Include="mathsym\bitmap1.bmp">
      <Filter>Resource Files</Filter>
    </CustomBuild>
    <CustomBuild Include="mathsym\brace.bmp">
      <Filter>Resource Files</Filter>
    </CustomBuild>
    <CustomBuild Include="res\brace.bmp">
      <Filter>Resource Files</Filter>
    </CustomBuild>
    <CustomBuild Include="mathsym\braces.bmp">
      <Filter>Resource Files</Filter>
    </CustomBuild>
    <CustomBuild Include="mathsym\coredata.bmp">
      <Filter>Resource Files</Filter>
    </CustomBuild>
    <CustomBuild Include="res\coredata.bmp">
      <Filter>Resource Files</Filter>
    </CustomBuild>
    <CustomBuild Include="mathsym\derivative.bmp">
      <Filter>Resource Files</Filter>
    </CustomBuild>
    <CustomBuild Include="res\derivative.bmp">
      <Filter>Resource Files</Filter>
    </CustomBuild>
    <CustomBuild Include="mathsym\dotsymb.bmp">
      <Filter>Resource Files</Filter>
    </CustomBuild>
    <CustomBuild Include="mathsym\equation.bmp">
      <Filter>Resource Files</Filter>
    </CustomBuild>
    <CustomBuild Include="res\equation.bmp">
      <Filter>Resource Files</Filter>
    </CustomBuild>
    <CustomBuild Include="mathsym\frs.bmp">
      <Filter>Resource Files</Filter>
    </CustomBuild>
    <CustomBuild Include="mathsym\function.bmp">
      <Filter>Resource Files</Filter>
    </CustomBuild>
    <CustomBuild Include="res\function.bmp">
      <Filter>Resource Files</Filter>
    </CustomBuild>
    <CustomBuild Include="mathsym\integral.bmp">
      <Filter>Resource Files</Filter>
    </CustomBuild>
    <CustomBuild Include="res\integral.bmp">
      <Filter>Resource Files</Filter>
    </CustomBuild>
    <CustomBuild Include="mathsym\Integrals.bmp">
      <Filter>Resource Files</Filter>
    </CustomBuild>
    <CustomBuild Include="res\logo.bmp">
      <Filter>Resource Files</Filter>
    </CustomBuild>
    <CustomBuild Include="mathsym\lower_greek.bmp">
      <Filter>Resource Files</Filter>
    </CustomBuild>
    <CustomBuild Include="res\lower_greek.bmp">
      <Filter>Resource Files</Filter>
    </CustomBuild>
    <CustomBuild Include="res\MathEdit.ico">
      <Filter>Resource Files</Filter>
    </CustomBuild>
    <CustomBuild Include="res\MathEdit.rc2">
      <Filter>Resource Files</Filter>
    </CustomBuild>
    <CustomBuild Include="res\MathEditDoc.ico">
      <Filter>Resource Files</Filter>
    </CustomBuild>
    <CustomBuild Include="mathsym\matrix.bmp">
      <Filter>Resource Files</Filter>
    </CustomBuild>
    <CustomBuild Include="res\matrix.bmp">
      <Filter>Resource Files</Filter>
    </CustomBuild>
    <CustomBuild Include="mathsym\moresymb.bmp">
      <Filter>Resource Files</Filter>
    </CustomBuild>
    <CustomBuild Include="mathsym\Operator.bmp">
      <Filter>Resource Files</Filter>
    </CustomBuild>
    <CustomBuild Include="mathsym\pbyq.bmp">
      <Filter>Resource Files</Filter>
    </CustomBuild>
    <CustomBuild Include="res\pbyq.bmp">
      <Filter>Resource Files</Filter>
    </CustomBuild>
    <CustomBuild Include="mathsym\prod.bmp">
      <Filter>Resource Files</Filter>
    </CustomBuild>
    <CustomBuild Include="res\prod.bmp">
      <Filter>Resource Files</Filter>
    </CustomBuild>
    <CustomBuild Include="mathsym\specialc.bmp">
      <Filter>Resource Files</Filter>
    </CustomBuild>
    <CustomBuild Include="mathsym\sum.bmp">
      <Filter>Resource Files</Filter>
    </CustomBuild>
    <CustomBuild Include="res\sum.bmp">
      <Filter>Resource Files</Filter>
    </CustomBuild>
    <CustomBuild Include="res\Toolbar.bmp">
      <Filter>Resource Files</Filter>
    </CustomBuild>
    <CustomBuild Include="mathsym\upper_greek.bmp">
      <Filter>Resource Files</Filter>
    </CustomBuild>
    <CustomBuild Include="res\upper_greek.bmp">
      <Filter>Resource Files</Filter>
    </CustomBuild>
    <CustomBuild Include="mathsym\vector.bmp">
      <Filter>Resource Files</Filter>
    </CustomBuild>
    <CustomBuild Include="res\vector.bmp">
      <Filter>Resource Files</Filter>
    </CustomBuild>
    <CustomBuild Include="ReadMe.txt" />
  </ItemGroup>
</Project>