
Microsoft Visual Studio Solution File, Format Version 12.00
# Visual Studio Version 17
VisualStudioVersion = 17.12.35527.113 d17.12
MinimumVisualStudioVersion = 10.0.40219.1
Project("{8BC9CEB8-8B4A-11D0-8D11-00A0C91BC942}") = "MEditorLib", "MEditorLib\MEditorLib.vcxproj", "{8C71041A-BE8C-C834-AF28-BB61FCD892FA}"
EndProject
Project("{8BC9CEB8-8B4A-11D0-8D11-00A0C91BC942}") = "MathEdit", "MathEdit.vcxproj", "{2D6955F6-52FF-BBD6-7CDE-B6FC47241F71}"
	ProjectSection(ProjectDependencies) = postProject
		{8C71041A-BE8C-C834-AF28-BB61FCD892FA} = {8C71041A-BE8C-C834-AF28-BB61FCD892FA}
	EndProjectSection
EndProject
Project("{8BC9CEB8-8B4A-11D0-8D11-00A0C91BC942}") = "SDIEdit", "SDIEdit\SDIEdit.vcxproj", "{7EEE7603-2381-C1B7-37F1-20635AE58B38}"
	ProjectSection(ProjectDependencies) = postProject
		{8C71041A-BE8C-C834-AF28-BB61FCD892FA} = {8C71041A-BE8C-C834-AF28-BB61FCD892FA}
	EndProjectSection
EndProject
Global
	GlobalSection(SolutionConfigurationPlatforms) = preSolution
		Debug|Win32 = Debug|Win32
		Debug|x64 = Debug|x64
		Release|Win32 = Release|Win32
		Release|x64 = Release|x64
	EndGlobalSection
	GlobalSection(ProjectConfigurationPlatforms) = postSolution
		{8C71041A-BE8C-C834-AF28-BB61FCD892FA}.Debug|Win32.ActiveCfg = Debug|Win32
		{8C71041A-BE8C-C834-AF28-BB61FCD892FA}.Debug|Win32.Build.0 = Debug|Win32
		{8C71041A-BE8C-C834-AF28-BB61FCD892FA}.Debug|x64.ActiveCfg = Debug|x64
		{8C71041A-BE8C-C834-AF28-BB61FCD892FA}.Debug|x64.Build.0 = Debug|x64
		{8C71041A-BE8C-C834-AF28-BB61FCD892FA}.Release|Win32.ActiveCfg = Release|Win32
		{8C71041A-BE8C-C834-AF28-BB61FCD892FA}.Release|Win32.Build.0 = Release|Win32
		{8C71041A-BE8C-C834-AF28-BB61FCD892FA}.Release|x64.ActiveCfg = Release|x64
		{8C71041A-BE8C-C834-AF28-BB61FCD892FA}.Release|x64.Build.0 = Release|x64
		{2D6955F6-52FF-BBD6-7CDE-B6FC47241F71}.Debug|Win32.ActiveCfg = Debug|Win32
		{2D6955F6-52FF-BBD6-7CDE-B6FC47241F71}.Debug|Win32.Build.0 = Debug|Win32
		{2D6955F6-52FF-BBD6-7CDE-B6FC47241F71}.Debug|x64.ActiveCfg = Debug|x64
		{2D6955F6-52FF-BBD6-7CDE-B6FC47241F71}.Debug|x64.Build.0 = Debug|x64
		{2D6955F6-52FF-BBD6-7CDE-B6FC47241F71}.Release|Win32.ActiveCfg = Release|Win32
		{2D6955F6-52FF-BBD6-7CDE-B6FC47241F71}.Release|Win32.Build.0 = Release|Win32
		{2D6955F6-52FF-BBD6-7CDE-B6FC47241F71}.Release|x64.ActiveCfg = Release|x64
		{2D6955F6-52FF-BBD6-7CDE-B6FC47241F71}.Release|x64.Build.0 = Release|x64
		{7EEE7603-2381-C1B7-37F1-20635AE58B38}.Debug|Win32.ActiveCfg = Debug|Win32
		{7EEE7603-2381-C1B7-37F1-20635AE58B38}.Debug|Win32.Build.0 = Debug|Win32
		{7EEE7603-2381-C1B7-37F1-20635AE58B38}.Debug|x64.ActiveCfg = Debug|x64
		{7EEE7603-2381-C1B7-37F1-20635AE58B38}.Debug|x64.Build.0 = Debug|x64
		{7EEE7603-2381-C1B7-37F1-20635AE58B38}.Release|Win32.ActiveCfg = Release|Win32
		{7EEE7603-2381-C1B7-37F1-20635AE58B38}.Release|Win32.Build.0 = Release|Win32
		{7EEE7603-2381-C1B7-37F1-20635AE58B38}.Release|x64.ActiveCfg = Release|x64
		{7EEE7603-2381-C1B7-37F1-20635AE58B38}.Release|x64.Build.0 = Release|x64
	EndGlobalSection
	GlobalSection(SolutionProperties) = preSolution
		HideSolutionNode = FALSE
	EndGlobalSection
EndGlobal
