<?xml version="1.0" encoding="utf-8"?>
<Project ToolsVersion="4.0" xmlns="http://schemas.microsoft.com/developer/msbuild/2003">
  <ItemGroup>
    <Filter Include="Source Files">
      <UniqueIdentifier>{3c0a66dc-a022-4e21-9c69-584eeb6f4596}</UniqueIdentifier>
      <Extensions>cpp;c;cxx;rc;def;r;odl;idl;hpj;bat</Extensions>
    </Filter>
    <Filter Include="Header Files">
      <UniqueIdentifier>{2d1aefcc-4e8d-460c-87ab-a5287066c5ba}</UniqueIdentifier>
      <Extensions>h;hpp;hxx;hm;inl</Extensions>
    </Filter>
    <Filter Include="Resource files">
      <UniqueIdentifier>{f17caf52-1593-4610-94c9-5998b22aa50d}</UniqueIdentifier>
      <Extensions>bmp</Extensions>
    </Filter>
  </ItemGroup>
  <ItemGroup>
    <ClCompile Include="Box.cpp">
      <Filter>Source Files</Filter>
    </ClCompile>
    <ClCompile Include="BoxHolder.cpp">
      <Filter>Source Files</Filter>
    </ClCompile>
    <ClCompile Include="CmdDelete.cpp">
      <Filter>Source Files</Filter>
    </ClCompile>
    <ClCompile Include="CmdDelSel.cpp">
      <Filter>Source Files</Filter>
    </ClCompile>
    <ClCompile Include="CmdInsert.cpp">
      <Filter>Source Files</Filter>
    </ClCompile>
    <ClCompile Include="CmdTyping.cpp">
      <Filter>Source Files</Filter>
    </ClCompile>
    <ClCompile Include="Command.cpp">
      <Filter>Source Files</Filter>
    </ClCompile>
    <ClCompile Include="CompositeBox.cpp">
      <Filter>Source Files</Filter>
    </ClCompile>
    <ClCompile Include="Cursor.cpp">
      <Filter>Source Files</Filter>
    </ClCompile>
    <ClCompile Include="EditorCtrl.cpp">
      <Filter>Source Files</Filter>
    </ClCompile>
    <ClCompile Include="Factory.cpp">
      <Filter>Source Files</Filter>
    </ClCompile>
    <ClCompile Include="MacroCommand.cpp">
      <Filter>Source Files</Filter>
    </ClCompile>
    <ClCompile Include="MBrace.cpp">
      <Filter>Source Files</Filter>
    </ClCompile>
    <ClCompile Include="MEntity.cpp">
      <Filter>Source Files</Filter>
    </ClCompile>
    <ClCompile Include="MFrac.cpp">
      <Filter>Source Files</Filter>
    </ClCompile>
    <ClCompile Include="MI.cpp">
      <Filter>Source Files</Filter>
    </ClCompile>
    <ClCompile Include="MN.cpp">
      <Filter>Source Files</Filter>
    </ClCompile>
    <ClCompile Include="MO.cpp">
      <Filter>Source Files</Filter>
    </ClCompile>
    <ClCompile Include="MRoot.cpp">
      <Filter>Source Files</Filter>
    </ClCompile>
    <ClCompile Include="MRow.cpp">
      <Filter>Source Files</Filter>
    </ClCompile>
    <ClCompile Include="MSubSup.cpp">
      <Filter>Source Files</Filter>
    </ClCompile>
    <ClCompile Include="MSymbol.cpp">
      <Filter>Source Files</Filter>
    </ClCompile>
    <ClCompile Include="MTable.cpp">
      <Filter>Source Files</Filter>
    </ClCompile>
    <ClCompile Include="MUnderOver.cpp">
      <Filter>Source Files</Filter>
    </ClCompile>
    <ClCompile Include="Over.cpp">
      <Filter>Source Files</Filter>
    </ClCompile>
    <ClCompile Include="Parser.cpp">
      <Filter>Source Files</Filter>
    </ClCompile>
    <ClCompile Include="ParserException.cpp">
      <Filter>Source Files</Filter>
    </ClCompile>
    <ClCompile Include="ParserMathText.cpp">
      <Filter>Source Files</Filter>
    </ClCompile>
    <ClCompile Include="StdAfx.cpp">
      <Filter>Source Files</Filter>
    </ClCompile>
    <ClCompile Include="Text.cpp">
      <Filter>Source Files</Filter>
    </ClCompile>
  </ItemGroup>
  <ItemGroup>
    <ClInclude Include="Box.h">
      <Filter>Header Files</Filter>
    </ClInclude>
    <ClInclude Include="BoxHolder.h">
      <Filter>Header Files</Filter>
    </ClInclude>
    <ClInclude Include="CmdDelete.h">
      <Filter>Header Files</Filter>
    </ClInclude>
    <ClInclude Include="CmdDelSel.h">
      <Filter>Header Files</Filter>
    </ClInclude>
    <ClInclude Include="CmdInsert.h">
      <Filter>Header Files</Filter>
    </ClInclude>
    <ClInclude Include="CmdTyping.h">
      <Filter>Header Files</Filter>
    </ClInclude>
    <ClInclude Include="Command.h">
      <Filter>Header Files</Filter>
    </ClInclude>
    <ClInclude Include="common.h">
      <Filter>Header Files</Filter>
    </ClInclude>
    <ClInclude Include="CompositeBox.h">
      <Filter>Header Files</Filter>
    </ClInclude>
    <ClInclude Include="Cursor.h">
      <Filter>Header Files</Filter>
    </ClInclude>
    <ClInclude Include="EditorCtrl.h">
      <Filter>Header Files</Filter>
    </ClInclude>
    <ClInclude Include="Factory.h">
      <Filter>Header Files</Filter>
    </ClInclude>
    <ClInclude Include="MacroCommand.h">
      <Filter>Header Files</Filter>
    </ClInclude>
    <ClInclude Include="MBrace.h">
      <Filter>Header Files</Filter>
    </ClInclude>
    <ClInclude Include="MEntity.h">
      <Filter>Header Files</Filter>
    </ClInclude>
    <ClInclude Include="MFrac.h">
      <Filter>Header Files</Filter>
    </ClInclude>
    <ClInclude Include="MI.h">
      <Filter>Header Files</Filter>
    </ClInclude>
    <ClInclude Include="MN.h">
      <Filter>Header Files</Filter>
    </ClInclude>
    <ClInclude Include="MO.h">
      <Filter>Header Files</Filter>
    </ClInclude>
    <ClInclude Include="MRoot.h">
      <Filter>Header Files</Filter>
    </ClInclude>
    <ClInclude Include="MRow.h">
      <Filter>Header Files</Filter>
    </ClInclude>
    <ClInclude Include="MSubSup.h">
      <Filter>Header Files</Filter>
    </ClInclude>
    <ClInclude Include="MSymbol.h">
      <Filter>Header Files</Filter>
    </ClInclude>
    <ClInclude Include="MTable.h">
      <Filter>Header Files</Filter>
    </ClInclude>
    <ClInclude Include="MUnderOver.h">
      <Filter>Header Files</Filter>
    </ClInclude>
    <ClInclude Include="Over.h">
      <Filter>Header Files</Filter>
    </ClInclude>
    <ClInclude Include="Parser.h">
      <Filter>Header Files</Filter>
    </ClInclude>
    <ClInclude Include="ParserException.h">
      <Filter>Header Files</Filter>
    </ClInclude>
    <ClInclude Include="ParserMathText.h">
      <Filter>Header Files</Filter>
    </ClInclude>
    <ClInclude Include="StdAfx.h">
      <Filter>Header Files</Filter>
    </ClInclude>
    <ClInclude Include="Text.h">
      <Filter>Header Files</Filter>
    </ClInclude>
  </ItemGroup>
</Project>